// !$*UTF8*$!
{
	archiveVersion = 1;
	classes = {
	};
	objectVersion = 77;
	objects = {

/* Begin PBXContainerItemProxy section */
		720A427A2EA65E5800DD5952 /* PBXContainerItemProxy */ = {
			isa = PBXContainerItemProxy;
			containerPortal = 720A42602EA65E5700DD5952 /* Project object */;
			proxyType = 1;
			remoteGlobalIDString = 720A42672EA65E5700DD5952;
			remoteInfo = "Rasberry Pie 2025";
		};
		720A42842EA65E5800DD5952 /* PBXContainerItemProxy */ = {
			isa = PBXContainerItemProxy;
			containerPortal = 720A42602EA65E5700DD5952 /* Project object */;
			proxyType = 1;
			remoteGlobalIDString = 720A42672EA65E5700DD5952;
			remoteInfo = "Rasberry Pie 2025";
		};
/* End PBXContainerItemProxy section */

/* Begin PBXFileReference section */
		720A42682EA65E5700DD5952 /* Rasberry Pie 2025.app */ = {isa = PBXFileReference; explicitFileType = wrapper.application; includeInIndex = 0; path = "Rasberry Pie 2025.app"; sourceTree = BUILT_PRODUCTS_DIR; };
		720A42792EA65E5800DD5952 /* Rasberry Pie 2025Tests.xctest */ = {isa = PBXFileReference; explicitFileType = wrapper.cfbundle; includeInIndex = 0; path = "Rasberry Pie 2025Tests.xctest"; sourceTree = BUILT_PRODUCTS_DIR; };
		720A42832EA65E5800DD5952 /* Rasberry Pie 2025UITests.xctest */ = {isa = PBXFileReference; explicitFileType = wrapper.cfbundle; includeInIndex = 0; path = "Rasberry Pie 2025UITests.xctest"; sourceTree = BUILT_PRODUCTS_DIR; };
/* End PBXFileReference section */

/* Begin PBXFileSystemSynchronizedBuildFileExceptionSet section */
		720A428B2EA65E5800DD5952 /* Exceptions for "Rasberry Pie 2025" folder in "Rasberry Pie 2025" target */ = {
			isa = PBXFileSystemSynchronizedBuildFileExceptionSet;
			membershipExceptions = (
				Info.plist,
			);
			target = 720A42672EA65E5700DD5952 /* Rasberry Pie 2025 */;
		};
/* End PBXFileSystemSynchronizedBuildFileExceptionSet section */

/* Begin PBXFileSystemSynchronizedRootGroup section */
		720A426A2EA65E5700DD5952 /* Rasberry Pie 2025 */ = {
			isa = PBXFileSystemSynchronizedRootGroup;
			exceptions = (
				720A428B2EA65E5800DD5952 /* Exceptions for "Rasberry Pie 2025" folder in "Rasberry Pie 2025" target */,
			);
			path = "Rasberry Pie 2025";
			sourceTree = "<group>";
		};
		720A427C2EA65E5800DD5952 /* Rasberry Pie 2025Tests */ = {
			isa = PBXFileSystemSynchronizedRootGroup;
			path = "Rasberry Pie 2025Tests";
			sourceTree = "<group>";
		};
		720A42862EA65E5800DD5952 /* Rasberry Pie 2025UITests */ = {
			isa = PBXFileSystemSynchronizedRootGroup;
			path = "Rasberry Pie 2025UITests";
			sourceTree = "<group>";
		};
/* End PBXFileSystemSynchronizedRootGroup section */

/* Begin PBXFrameworksBuildPhase section */
		720A42652EA65E5700DD5952 /* Frameworks */ = {
			isa = PBXFrameworksBuildPhase;
			buildActionMask = 2147483647;
			files = (
			);
			runOnlyForDeploymentPostprocessing = 0;
		};
		720A42762EA65E5800DD5952 /* Frameworks */ = {
			isa = PBXFrameworksBuildPhase;
			buildActionMask = 2147483647;
			files = (
			);
			runOnlyForDeploymentPostprocessing = 0;
		};
		720A42802EA65E5800DD5952 /* Frameworks */ = {
			isa = PBXFrameworksBuildPhase;
			buildActionMask = 2147483647;
			files = (
			);
			runOnlyForDeploymentPostprocessing = 0;
		};
/* End PBXFrameworksBuildPhase section */

/* Begin PBXGroup section */
		720A425F2EA65E5700DD5952 = {
			isa = PBXGroup;
			children = (
				720A426A2EA65E5700DD5952 /* Rasberry Pie 2025 */,
				720A427C2EA65E5800DD5952 /* Rasberry Pie 2025Tests */,
				720A42862EA65E5800DD5952 /* Rasberry Pie 2025UITests */,
				720A42692EA65E5700DD5952 /* Products */,
			);
			sourceTree = "<group>";
		};
		720A42692EA65E5700DD5952 /* Products */ = {
			isa = PBXGroup;
			children = (
				720A42682EA65E5700DD5952 /* Rasberry Pie 2025.app */,
				720A42792EA65E5800DD5952 /* Rasberry Pie 2025Tests.xctest */,
				720A42832EA65E5800DD5952 /* Rasberry Pie 2025UITests.xctest */,
			);
			name = Products;
			sourceTree = "<group>";
		};
/* End PBXGroup section */

/* Begin PBXNativeTarget section */
		720A42672EA65E5700DD5952 /* Rasberry Pie 2025 */ = {
			isa = PBXNativeTarget;
			buildConfigurationList = 720A428C2EA65E5800DD5952 /* Build configuration list for PBXNativeTarget "Rasberry Pie 2025" */;
			buildPhases = (
				720A42642EA65E5700DD5952 /* Sources */,
				720A42652EA65E5700DD5952 /* Frameworks */,
				720A42662EA65E5700DD5952 /* Resources */,
			);
			buildRules = (
			);
			dependencies = (
			);
			fileSystemSynchronizedGroups = (
				720A426A2EA65E5700DD5952 /* Rasberry Pie 2025 */,
			);
			name = "Rasberry Pie 2025";
			packageProductDependencies = (
			);
			productName = "Rasberry Pie 2025";
			productReference = 720A42682EA65E5700DD5952 /* Rasberry Pie 2025.app */;
			productType = "com.apple.product-type.application";
		};
		720A42782EA65E5800DD5952 /* Rasberry Pie 2025Tests */ = {
			isa = PBXNativeTarget;
			buildConfigurationList = 720A42912EA65E5800DD5952 /* Build configuration list for PBXNativeTarget "Rasberry Pie 2025Tests" */;
			buildPhases = (
				720A42752EA65E5800DD5952 /* Sources */,
				720A42762EA65E5800DD5952 /* Frameworks */,
				720A42772EA65E5800DD5952 /* Resources */,
			);
			buildRules = (
			);
			dependencies = (
				720A427B2EA65E5800DD5952 /* PBXTargetDependency */,
			);
			fileSystemSynchronizedGroups = (
				720A427C2EA65E5800DD5952 /* Rasberry Pie 2025Tests */,
			);
			name = "Rasberry Pie 2025Tests";
			packageProductDependencies = (
			);
			productName = "Rasberry Pie 2025Tests";
			productReference = 720A42792EA65E5800DD5952 /* Rasberry Pie 2025Tests.xctest */;
			productType = "com.apple.product-type.bundle.unit-test";
		};
		720A42822EA65E5800DD5952 /* Rasberry Pie 2025UITests */ = {
			isa = PBXNativeTarget;
			buildConfigurationList = 720A42942EA65E5800DD5952 /* Build configuration list for PBXNativeTarget "Rasberry Pie 2025UITests" */;
			buildPhases = (
				720A427F2EA65E5800DD5952 /* Sources */,
				720A42802EA65E5800DD5952 /* Frameworks */,
				720A42812EA65E5800DD5952 /* Resources */,
			);
			buildRules = (
			);
			dependencies = (
				720A42852EA65E5800DD5952 /* PBXTargetDependency */,
			);
			fileSystemSynchronizedGroups = (
				720A42862EA65E5800DD5952 /* Rasberry Pie 2025UITests */,
			);
			name = "Rasberry Pie 2025UITests";
			packageProductDependencies = (
			);
			productName = "Rasberry Pie 2025UITests";
			productReference = 720A42832EA65E5800DD5952 /* Rasberry Pie 2025UITests.xctest */;
			productType = "com.apple.product-type.bundle.ui-testing";
		};
/* End PBXNativeTarget section */

/* Begin PBXProject section */
		720A42602EA65E5700DD5952 /* Project object */ = {
			isa = PBXProject;
			attributes = {
				BuildIndependentTargetsInParallel = 1;
				LastSwiftUpdateCheck = 2600;
				LastUpgradeCheck = 2600;
				TargetAttributes = {
					720A42672EA65E5700DD5952 = {
						CreatedOnToolsVersion = 26.0;
					};
					720A42782EA65E5800DD5952 = {
						CreatedOnToolsVersion = 26.0;
						TestTargetID = 720A42672EA65E5700DD5952;
					};
					720A42822EA65E5800DD5952 = {
						CreatedOnToolsVersion = 26.0;
						TestTargetID = 720A42672EA65E5700DD5952;
					};
				};
			};
			buildConfigurationList = 720A42632EA65E5700DD5952 /* Build configuration list for PBXProject "Rasberry Pie 2025" */;
			developmentRegion = en;
			hasScannedForEncodings = 0;
			knownRegions = (
				en,
				Base,
			);
			mainGroup = 720A425F2EA65E5700DD5952;
			minimizedProjectReferenceProxies = 1;
			preferredProjectObjectVersion = 77;
			productRefGroup = 720A42692EA65E5700DD5952 /* Products */;
			projectDirPath = "";
			projectRoot = "";
			targets = (
				720A42672EA65E5700DD5952 /* Rasberry Pie 2025 */,
				720A42782EA65E5800DD5952 /* Rasberry Pie 2025Tests */,
				720A42822EA65E5800DD5952 /* Rasberry Pie 2025UITests */,
			);
		};
/* End PBXProject section */

/* Begin PBXResourcesBuildPhase section */
		720A42662EA65E5700DD5952 /* Resources */ = {
			isa = PBXResourcesBuildPhase;
			buildActionMask = 2147483647;
			files = (
			);
			runOnlyForDeploymentPostprocessing = 0;
		};
		720A42772EA65E5800DD5952 /* Resources */ = {
			isa = PBXResourcesBuildPhase;
			buildActionMask = 2147483647;
			files = (
			);
			runOnlyForDeploymentPostprocessing = 0;
		};
		720A42812EA65E5800DD5952 /* Resources */ = {
			isa = PBXResourcesBuildPhase;
			buildActionMask = 2147483647;
			files = (
			);
			runOnlyForDeploymentPostprocessing = 0;
		};
/* End PBXResourcesBuildPhase section */

/* Begin PBXSourcesBuildPhase section */
		720A42642EA65E5700DD5952 /* Sources */ = {
			isa = PBXSourcesBuildPhase;
			buildActionMask = 2147483647;
			files = (
			);
			runOnlyForDeploymentPostprocessing = 0;
		};
		720A42752EA65E5800DD5952 /* Sources */ = {
			isa = PBXSourcesBuildPhase;
			buildActionMask = 2147483647;
			files = (
			);
			runOnlyForDeploymentPostprocessing = 0;
		};
		720A427F2EA65E5800DD5952 /* Sources */ = {
			isa = PBXSourcesBuildPhase;
			buildActionMask = 2147483647;
			files = (
			);
			runOnlyForDeploymentPostprocessing = 0;
		};
/* End PBXSourcesBuildPhase section */

/* Begin PBXTargetDependency section */
		720A427B2EA65E5800DD5952 /* PBXTargetDependency */ = {
			isa = PBXTargetDependency;
			target = 720A42672EA65E5700DD5952 /* Rasberry Pie 2025 */;
			targetProxy = 720A427A2EA65E5800DD5952 /* PBXContainerItemProxy */;
		};
		720A42852EA65E5800DD5952 /* PBXTargetDependency */ = {
			isa = PBXTargetDependency;
			target = 720A42672EA65E5700DD5952 /* Rasberry Pie 2025 */;
			targetProxy = 720A42842EA65E5800DD5952 /* PBXContainerItemProxy */;
		};
/* End PBXTargetDependency section */

/* Begin XCBuildConfiguration section */
		720A428D2EA65E5800DD5952 /* Debug */ = {
			isa = XCBuildConfiguration;
			buildSettings = {
				ASSETCATALOG_COMPILER_APPICON_NAME = AppIcon;
				ASSETCATALOG_COMPILER_GLOBAL_ACCENT_COLOR_NAME = AccentColor;
				CODE_SIGN_ENTITLEMENTS = "Rasberry Pie 2025/Rasberry_Pie_2025.entitlements";
				CODE_SIGN_STYLE = Automatic;
				CURRENT_PROJECT_VERSION = 1;
				ENABLE_PREVIEWS = YES;
				GENERATE_INFOPLIST_FILE = YES;
				INFOPLIST_FILE = "Rasberry Pie 2025/Info.plist";
				INFOPLIST_KEY_UIApplicationSceneManifest_Generation = YES;
				INFOPLIST_KEY_UIApplicationSupportsIndirectInputEvents = YES;
				INFOPLIST_KEY_UILaunchScreen_Generation = YES;
				INFOPLIST_KEY_UISupportedInterfaceOrientations_iPad = "UIInterfaceOrientationPortrait UIInterfaceOrientationPortraitUpsideDown UIInterfaceOrientationLandscapeLeft UIInterfaceOrientationLandscapeRight";
				INFOPLIST_KEY_UISupportedInterfaceOrientations_iPhone = "UIInterfaceOrientationPortrait UIInterfaceOrientationLandscapeLeft UIInterfaceOrientationLandscapeRight";
				LD_RUNPATH_SEARCH_PATHS = (
					"$(inherited)",
					"@executable_path/Frameworks",
				);
				MARKETING_VERSION = 1.0;
				PRODUCT_BUNDLE_IDENTIFIER = "Oscar.Rasberry-Pie-2025";
				PRODUCT_NAME = "$(TARGET_NAME)";
				STRING_CATALOG_GENERATE_SYMBOLS = YES;
				SWIFT_APPROACHABLE_CONCURRENCY = YES;
				SWIFT_DEFAULT_ACTOR_ISOLATION = MainActor;
				SWIFT_EMIT_LOC_STRINGS = YES;
				SWIFT_UPCOMING_FEATURE_MEMBER_IMPORT_VISIBILITY = YES;
				SWIFT_VERSION = 5.0;
				TARGETED_DEVICE_FAMILY = "1,2";
			};
			name = Debug;
		};
		720A428E2EA65E5800DD5952 /* Release */ = {
			isa = XCBuildConfiguration;
			buildSettings = {
				ASSETCATALOG_COMPILER_APPICON_NAME = AppIcon;
				ASSETCATALOG_COMPILER_GLOBAL_ACCENT_COLOR_NAME = AccentColor;
				CODE_SIGN_ENTITLEMENTS = "Rasberry Pie 2025/Rasberry_Pie_2025.entitlements";
				CODE_SIGN_STYLE = Automatic;
				CURRENT_PROJECT_VERSION = 1;
				ENABLE_PREVIEWS = YES;
				GENERATE_INFOPLIST_FILE = YES;
				INFOPLIST_FILE = "Rasberry Pie 2025/Info.plist";
				INFOPLIST_KEY_UIApplicationSceneManifest_Generation = YES;
				INFOPLIST_KEY_UIApplicationSupportsIndirectInputEvents = YES;
				INFOPLIST_KEY_UILaunchScreen_Generation = YES;
				INFOPLIST_KEY_UISupportedInterfaceOrientations_iPad = "UIInterfaceOrientationPortrait UIInterfaceOrientationPortraitUpsideDown UIInterfaceOrientationLandscapeLeft UIInterfaceOrientationLandscapeRight";
				INFOPLIST_KEY_UISupportedInterfaceOrientations_iPhone = "UIInterfaceOrientationPortrait UIInterfaceOrientationLandscapeLeft UIInterfaceOrientationLandscapeRight";
				LD_RUNPATH_SEARCH_PATHS = (
					"$(inherited)",
					"@executable_path/Frameworks",
				);
				MARKETING_VERSION = 1.0;
				PRODUCT_BUNDLE_IDENTIFIER = "Oscar.Rasberry-Pie-2025";
				PRODUCT_NAME = "$(TARGET_NAME)";
				STRING_CATALOG_GENERATE_SYMBOLS = YES;
				SWIFT_APPROACHABLE_CONCURRENCY = YES;
				SWIFT_DEFAULT_ACTOR_ISOLATION = MainActor;
				SWIFT_EMIT_LOC_STRINGS = YES;
				SWIFT_UPCOMING_FEATURE_MEMBER_IMPORT_VISIBILITY = YES;
				SWIFT_VERSION = 5.0;
				TARGETED_DEVICE_FAMILY = "1,2";
			};
			name = Release;
		};
		720A428F2EA65E5800DD5952 /* Debug */ = {
			isa = XCBuildConfiguration;
			buildSettings = {
				ALWAYS_SEARCH_USER_PATHS = NO;
				ASSETCATALOG_COMPILER_GENERATE_SWIFT_ASSET_SYMBOL_EXTENSIONS = YES;
				CLANG_ANALYZER_NONNULL = YES;
				CLANG_ANALYZER_NUMBER_OBJECT_CONVERSION = YES_AGGRESSIVE;
				CLANG_CXX_LANGUAGE_STANDARD = "gnu++20";
				CLANG_ENABLE_MODULES = YES;
				CLANG_ENABLE_OBJC_ARC = YES;
				CLANG_ENABLE_OBJC_WEAK = YES;
				CLANG_WARN_BLOCK_CAPTURE_AUTORELEASING = YES;
				CLANG_WARN_BOOL_CONVERSION = YES;
				CLANG_WARN_COMMA = YES;
				CLANG_WARN_CONSTANT_CONVERSION = YES;
				CLANG_WARN_DEPRECATED_OBJC_IMPLEMENTATIONS = YES;
				CLANG_WARN_DIRECT_OBJC_ISA_USAGE = YES_ERROR;
				CLANG_WARN_DOCUMENTATION_COMMENTS = YES;
				CLANG_WARN_EMPTY_BODY = YES;
				CLANG_WARN_ENUM_CONVERSION = YES;
				CLANG_WARN_INFINITE_RECURSION = YES;
				CLANG_WARN_INT_CONVERSION = YES;
				CLANG_WARN_NON_LITERAL_NULL_CONVERSION = YES;
				CLANG_WARN_OBJC_IMPLICIT_RETAIN_SELF = YES;
				CLANG_WARN_OBJC_LITERAL_CONVERSION = YES;
				CLANG_WARN_OBJC_ROOT_CLASS = YES_ERROR;
				CLANG_WARN_QUOTED_INCLUDE_IN_FRAMEWORK_HEADER = YES;
				CLANG_WARN_RANGE_LOOP_ANALYSIS = YES;
				CLANG_WARN_STRICT_PROTOTYPES = YES;
				CLANG_WARN_SUSPICIOUS_MOVE = YES;
				CLANG_WARN_UNGUARDED_AVAILABILITY = YES_AGGRESSIVE;
				CLANG_WARN_UNREACHABLE_CODE = YES;
				CLANG_WARN__DUPLICATE_METHOD_MATCH = YES;
				COPY_PHASE_STRIP = NO;
				DEBUG_INFORMATION_FORMAT = dwarf;
				ENABLE_STRICT_OBJC_MSGSEND = YES;
				ENABLE_TESTABILITY = YES;
				ENABLE_USER_SCRIPT_SANDBOXING = YES;
				GCC_C_LANGUAGE_STANDARD = gnu17;
				GCC_DYNAMIC_NO_PIC = NO;
				GCC_NO_COMMON_BLOCKS = YES;
				GCC_OPTIMIZATION_LEVEL = 0;
				GCC_PREPROCESSOR_DEFINITIONS = (
					"DEBUG=1",
					"$(inherited)",
				);
				GCC_WARN_64_TO_32_BIT_CONVERSION = YES;
				GCC_WARN_ABOUT_RETURN_TYPE = YES_ERROR;
				GCC_WARN_UNDECLARED_SELECTOR = YES;
				GCC_WARN_UNINITIALIZED_AUTOS = YES_AGGRESSIVE;
				GCC_WARN_UNUSED_FUNCTION = YES;
				GCC_WARN_UNUSED_VARIABLE = YES;
				IPHONEOS_DEPLOYMENT_TARGET = 26.0;
				LOCALIZATION_PREFERS_STRING_CATALOGS = YES;
				MTL_ENABLE_DEBUG_INFO = INCLUDE_SOURCE;
				MTL_FAST_MATH = YES;
				ONLY_ACTIVE_ARCH = YES;
				SDKROOT = iphoneos;
				SWIFT_ACTIVE_COMPILATION_CONDITIONS = "DEBUG $(inherited)";
				SWIFT_OPTIMIZATION_LEVEL = "-Onone";
			};
			name = Debug;
		};
		720A42902EA65E5800DD5952 /* Release */ = {
			isa = XCBuildConfiguration;
			buildSettings = {
				ALWAYS_SEARCH_USER_PATHS = NO;
				ASSETCATALOG_COMPILER_GENERATE_SWIFT_ASSET_SYMBOL_EXTENSIONS = YES;
				CLANG_ANALYZER_NONNULL = YES;
				CLANG_ANALYZER_NUMBER_OBJECT_CONVERSION = YES_AGGRESSIVE;
				CLANG_CXX_LANGUAGE_STANDARD = "gnu++20";
				CLANG_ENABLE_MODULES = YES;
				CLANG_ENABLE_OBJC_ARC = YES;
				CLANG_ENABLE_OBJC_WEAK = YES;
				CLANG_WARN_BLOCK_CAPTURE_AUTORELEASING = YES;
				CLANG_WARN_BOOL_CONVERSION = YES;
				CLANG_WARN_COMMA = YES;
				CLANG_WARN_CONSTANT_CONVERSION = YES;
				CLANG_WARN_DEPRECATED_OBJC_IMPLEMENTATIONS = YES;
				CLANG_WARN_DIRECT_OBJC_ISA_USAGE = YES_ERROR;
				CLANG_WARN_DOCUMENTATION_COMMENTS = YES;
				CLANG_WARN_EMPTY_BODY = YES;
				CLANG_WARN_ENUM_CONVERSION = YES;
				CLANG_WARN_INFINITE_RECURSION = YES;
				CLANG_WARN_INT_CONVERSION = YES;
				CLANG_WARN_NON_LITERAL_NULL_CONVERSION = YES;
				CLANG_WARN_OBJC_IMPLICIT_RETAIN_SELF = YES;
				CLANG_WARN_OBJC_LITERAL_CONVERSION = YES;
				CLANG_WARN_OBJC_ROOT_CLASS = YES_ERROR;
				CLANG_WARN_QUOTED_INCLUDE_IN_FRAMEWORK_HEADER = YES;
				CLANG_WARN_RANGE_LOOP_ANALYSIS = YES;
				CLANG_WARN_STRICT_PROTOTYPES = YES;
				CLANG_WARN_SUSPICIOUS_MOVE = YES;
				CLANG_WARN_UNGUARDED_AVAILABILITY = YES_AGGRESSIVE;
				CLANG_WARN_UNREACHABLE_CODE = YES;
				CLANG_WARN__DUPLICATE_METHOD_MATCH = YES;
				COPY_PHASE_STRIP = NO;
				DEBUG_INFORMATION_FORMAT = "dwarf-with-dsym";
				ENABLE_NS_ASSERTIONS = NO;
				ENABLE_STRICT_OBJC_MSGSEND = YES;
				ENABLE_USER_SCRIPT_SANDBOXING = YES;
				GCC_C_LANGUAGE_STANDARD = gnu17;
				GCC_NO_COMMON_BLOCKS = YES;
				GCC_WARN_64_TO_32_BIT_CONVERSION = YES;
				GCC_WARN_ABOUT_RETURN_TYPE = YES_ERROR;
				GCC_WARN_UNDECLARED_SELECTOR = YES;
				GCC_WARN_UNINITIALIZED_AUTOS = YES_AGGRESSIVE;
				GCC_WARN_UNUSED_FUNCTION = YES;
				GCC_WARN_UNUSED_VARIABLE = YES;
				IPHONEOS_DEPLOYMENT_TARGET = 26.0;
				LOCALIZATION_PREFERS_STRING_CATALOGS = YES;
				MTL_ENABLE_DEBUG_INFO = NO;
				MTL_FAST_MATH = YES;
				SDKROOT = iphoneos;
				SWIFT_COMPILATION_MODE = wholemodule;
				VALIDATE_PRODUCT = YES;
			};
			name = Release;
		};
		720A42922EA65E5800DD5952 /* Debug */ = {
			isa = XCBuildConfiguration;
			buildSettings = {
				BUNDLE_LOADER = "$(TEST_HOST)";
				CODE_SIGN_STYLE = Automatic;
				CURRENT_PROJECT_VERSION = 1;
				GENERATE_INFOPLIST_FILE = YES;
				IPHONEOS_DEPLOYMENT_TARGET = 26.0;
				MARKETING_VERSION = 1.0;
				PRODUCT_BUNDLE_IDENTIFIER = "Oscar.Rasberry-Pie-2025Tests";
				PRODUCT_NAME = "$(TARGET_NAME)";
				STRING_CATALOG_GENERATE_SYMBOLS = NO;
				SWIFT_APPROACHABLE_CONCURRENCY = YES;
				SWIFT_EMIT_LOC_STRINGS = NO;
				SWIFT_UPCOMING_FEATURE_MEMBER_IMPORT_VISIBILITY = YES;
				SWIFT_VERSION = 5.0;
				TARGETED_DEVICE_FAMILY = "1,2";
				TEST_HOST = "$(BUILT_PRODUCTS_DIR)/Rasberry Pie 2025.app/$(BUNDLE_EXECUTABLE_FOLDER_PATH)/Rasberry Pie 2025";
			};
			name = Debug;
		};
		720A42932EA65E5800DD5952 /* Release */ = {
			isa = XCBuildConfiguration;
			buildSettings = {
				BUNDLE_LOADER = "$(TEST_HOST)";
				CODE_SIGN_STYLE = Automatic;
				CURRENT_PROJECT_VERSION = 1;
				GENERATE_INFOPLIST_FILE = YES;
				IPHONEOS_DEPLOYMENT_TARGET = 26.0;
				MARKETING_VERSION = 1.0;
				PRODUCT_BUNDLE_IDENTIFIER = "Oscar.Rasberry-Pie-2025Tests";
				PRODUCT_NAME = "$(TARGET_NAME)";
				STRING_CATALOG_GENERATE_SYMBOLS = NO;
				SWIFT_APPROACHABLE_CONCURRENCY = YES;
				SWIFT_EMIT_LOC_STRINGS = NO;
				SWIFT_UPCOMING_FEATURE_MEMBER_IMPORT_VISIBILITY = YES;
				SWIFT_VERSION = 5.0;
				TARGETED_DEVICE_FAMILY = "1,2";
				TEST_HOST = "$(BUILT_PRODUCTS_DIR)/Rasberry Pie 2025.app/$(BUNDLE_EXECUTABLE_FOLDER_PATH)/Rasberry Pie 2025";
			};
			name = Release;
		};
		720A42952EA65E5800DD5952 /* Debug */ = {
			isa = XCBuildConfiguration;
			buildSettings = {
				CODE_SIGN_STYLE = Automatic;
				CURRENT_PROJECT_VERSION = 1;
				GENERATE_INFOPLIST_FILE = YES;
				MARKETING_VERSION = 1.0;
				PRODUCT_BUNDLE_IDENTIFIER = "Oscar.Rasberry-Pie-2025UITests";
				PRODUCT_NAME = "$(TARGET_NAME)";
				STRING_CATALOG_GENERATE_SYMBOLS = NO;
				SWIFT_APPROACHABLE_CONCURRENCY = YES;
				SWIFT_EMIT_LOC_STRINGS = NO;
				SWIFT_UPCOMING_FEATURE_MEMBER_IMPORT_VISIBILITY = YES;
				SWIFT_VERSION = 5.0;
				TARGETED_DEVICE_FAMILY = "1,2";
				TEST_TARGET_NAME = "Rasberry Pie 2025";
			};
			name = Debug;
		};
		720A42962EA65E5800DD5952 /* Release */ = {
			isa = XCBuildConfiguration;
			buildSettings = {
				CODE_SIGN_STYLE = Automatic;
				CURRENT_PROJECT_VERSION = 1;
				GENERATE_INFOPLIST_FILE = YES;
				MARKETING_VERSION = 1.0;
				PRODUCT_BUNDLE_IDENTIFIER = "Oscar.Rasberry-Pie-2025UITests";
				PRODUCT_NAME = "$(TARGET_NAME)";
				STRING_CATALOG_GENERATE_SYMBOLS = NO;
				SWIFT_APPROACHABLE_CONCURRENCY = YES;
				SWIFT_EMIT_LOC_STRINGS = NO;
				SWIFT_UPCOMING_FEATURE_MEMBER_IMPORT_VISIBILITY = YES;
				SWIFT_VERSION = 5.0;
				TARGETED_DEVICE_FAMILY = "1,2";
				TEST_TARGET_NAME = "Rasberry Pie 2025";
			};
			name = Release;
		};
/* End XCBuildConfiguration section */

/* Begin XCConfigurationList section */
		720A42632EA65E5700DD5952 /* Build configuration list for PBXProject "Rasberry Pie 2025" */ = {
			isa = XCConfigurationList;
			buildConfigurations = (
				720A428F2EA65E5800DD5952 /* Debug */,
				720A42902EA65E5800DD5952 /* Release */,
			);
			defaultConfigurationIsVisible = 0;
			defaultConfigurationName = Release;
		};
		720A428C2EA65E5800DD5952 /* Build configuration list for PBXNativeTarget "Rasberry Pie 2025" */ = {
			isa = XCConfigurationList;
			buildConfigurations = (
				720A428D2EA65E5800DD5952 /* Debug */,
				720A428E2EA65E5800DD5952 /* Release */,
			);
			defaultConfigurationIsVisible = 0;
			defaultConfigurationName = Release;
		};
		720A42912EA65E5800DD5952 /* Build configuration list for PBXNativeTarget "Rasberry Pie 2025Tests" */ = {
			isa = XCConfigurationList;
			buildConfigurations = (
				720A42922EA65E5800DD5952 /* Debug */,
				720A42932EA65E5800DD5952 /* Release */,
			);
			defaultConfigurationIsVisible = 0;
			defaultConfigurationName = Release;
		};
		720A42942EA65E5800DD5952 /* Build configuration list for PBXNativeTarget "Rasberry Pie 2025UITests" */ = {
			isa = XCConfigurationList;
			buildConfigurations = (
				720A42952EA65E5800DD5952 /* Debug */,
				720A42962EA65E5800DD5952 /* Release */,
			);
			defaultConfigurationIsVisible = 0;
			defaultConfigurationName = Release;
		};
/* End XCConfigurationList section */
	};
	rootObject = 720A42602EA65E5700DD5952 /* Project object */;
}
